dependencies:
- name: postgresql
  repository: https://charts.bitnami.com/bitnami
  version: 13.1.5
- name: mongodb
  repository: https://charts.bitnami.com/bitnami
  version: 14.0.14
- name: redis
  repository: https://charts.bitnami.com/bitnami
  version: 18.2.0
digest: sha256:a50351a3d4e5273a31cee8f8de5e2553f6143558edb525cffcf9fecdecf40c1d
generated: "2023-10-28T19:14:50.488594-03:00"
